// !$*UTF8*$!
{
	archiveVersion = 1;
	classes = {
	};
	objectVersion = 50;
	objects = {

/* Begin PBXBuildFile section */
		4CD4022924AC11BE00D305CC /* AppDelegate.swift in Sources */ = {isa = PBXBuildFile; fileRef = 4CD4022824AC11BE00D305CC /* AppDelegate.swift */; };
		4CD4022B24AC11BE00D305CC /* SceneDelegate.swift in Sources */ = {isa = PBXBuildFile; fileRef = 4CD4022A24AC11BE00D305CC /* SceneDelegate.swift */; };
		4CD4022D24AC11BE00D305CC /* ViewController.swift in Sources */ = {isa = PBXBuildFile; fileRef = 4CD4022C24AC11BE00D305CC /* ViewController.swift */; };
		4CD4023024AC11BE00D305CC /* Main.storyboard in Resources */ = {isa = PBXBuildFile; fileRef = 4CD4022E24AC11BE00D305CC /* Main.storyboard */; };
		4CD4023224AC11C200D305CC /* Assets.xcassets in Resources */ = {isa = PBXBuildFile; fileRef = 4CD4023124AC11C200D305CC /* Assets.xcassets */; };
		4CD4023524AC11C200D305CC /* LaunchScreen.storyboard in Resources */ = {isa = PBXBuildFile; fileRef = 4CD4023324AC11C200D305CC /* LaunchScreen.storyboard */; };
		4CEB811C24AC1688005EDF20 /* FlagCell.swift in Sources */ = {isa = PBXBuildFile; fileRef = 4CEB811B24AC1688005EDF20 /* FlagCell.swift */; };
		4CEB811E24AC172D005EDF20 /* DetailView.swift in Sources */ = {isa = PBXBuildFile; fileRef = 4CEB811D24AC172D005EDF20 /* DetailView.swift */; };
/* End PBXBuildFile section */

/* Begin PBXFileReference section */
		4CD4022524AC11BD00D305CC /* Flags.app */ = {isa = PBXFileReference; explicitFileType = wrapper.application; includeInIndex = 0; path = Flags.app; sourceTree = BUILT_PRODUCTS_DIR; };
		4CD4022824AC11BE00D305CC /* AppDelegate.swift */ = {isa = PBXFileReference; lastKnownFileType = sourcecode.swift; path = AppDelegate.swift; sourceTree = "<group>"; };
		4CD4022A24AC11BE00D305CC /* SceneDelegate.swift */ = {isa = PBXFileReference; lastKnownFileType = sourcecode.swift; path = SceneDelegate.swift; sourceTree = "<group>"; };
		4CD4022C24AC11BE00D305CC /* ViewController.swift */ = {isa = PBXFileReference; lastKnownFileType = sourcecode.swift; path = ViewController.swift; sourceTree = "<group>"; };
		4CD4022F24AC11BE00D305CC /* Base */ = {isa = PBXFileReference; lastKnownFileType = file.storyboard; name = Base; path = Base.lproj/Main.storyboard; sourceTree = "<group>"; };
		4CD4023124AC11C200D305CC /* Assets.xcassets */ = {isa = PBXFileReference; lastKnownFileType = folder.assetcatalog; path = Assets.xcassets; sourceTree = "<group>"; };
		4CD4023424AC11C200D305CC /* Base */ = {isa = PBXFileReference; lastKnownFileType = file.storyboard; name = Base; path = Base.lproj/LaunchScreen.storyboard; sourceTree = "<group>"; };
		4CD4023624AC11C200D305CC /* Info.plist */ = {isa = PBXFileReference; lastKnownFileType = text.plist.xml; path = Info.plist; sourceTree = "<group>"; };
		4CEB811B24AC1688005EDF20 /* FlagCell.swift */ = {isa = PBXFileReference; lastKnownFileType = sourcecode.swift; path = FlagCell.swift; sourceTree = "<group>"; };
		4CEB811D24AC172D005EDF20 /* DetailView.swift */ = {isa = PBXFileReference; lastKnownFileType = sourcecode.swift; path = DetailView.swift; sourceTree = "<group>"; };
/* End PBXFileReference section */

/* Begin PBXFrameworksBuildPhase section */
		4CD4022224AC11BD00D305CC /* Frameworks */ = {
			isa = PBXFrameworksBuildPhase;
			buildActionMask = 2147483647;
			files = (
			);
			runOnlyForDeploymentPostprocessing = 0;
		};
/* End PBXFrameworksBuildPhase section */

/* Begin PBXGroup section */
		4CD4021C24AC11BD00D305CC = {
			isa = PBXGroup;
			children = (
				4CD4022724AC11BD00D305CC /* Flags */,
				4CD4022624AC11BD00D305CC /* Products */,
			);
			sourceTree = "<group>";
		};
		4CD4022624AC11BD00D305CC /* Products */ = {
			isa = PBXGroup;
			children = (
				4CD4022524AC11BD00D305CC /* Flags.app */,
			);
			name = Products;
			sourceTree = "<group>";
		};
		4CD4022724AC11BD00D305CC /* Flags */ = {
			isa = PBXGroup;
			children = (
				4CD4023624AC11C200D305CC /* Info.plist */,
				4CD4022824AC11BE00D305CC /* AppDelegate.swift */,
				4CEB811D24AC172D005EDF20 /* DetailView.swift */,
				4CEB811B24AC1688005EDF20 /* FlagCell.swift */,
				4CD4022A24AC11BE00D305CC /* SceneDelegate.swift */,
				4CD4022C24AC11BE00D305CC /* ViewController.swift */,
				4CD4023124AC11C200D305CC /* Assets.xcassets */,
				4CD4023324AC11C200D305CC /* LaunchScreen.storyboard */,
				4CD4022E24AC11BE00D305CC /* Main.storyboard */,
			);
			path = Flags;
			sourceTree = "<group>";
		};
/* End PBXGroup section */

/* Begin PBXNativeTarget section */
		4CD4022424AC11BD00D305CC /* Flags */ = {
			isa = PBXNativeTarget;
			buildConfigurationList = 4CD4023924AC11C200D305CC /* Build configuration list for PBXNativeTarget "Flags" */;
			buildPhases = (
				4CD4022124AC11BD00D305CC /* Sources */,
				4CD4022224AC11BD00D305CC /* Frameworks */,
				4CD4022324AC11BD00D305CC /* Resources */,
			);
			buildRules = (
			);
			dependencies = (
			);
			name = Flags;
			productName = Flags;
			productReference = 4CD4022524AC11BD00D305CC /* Flags.app */;
			productType = "com.apple.product-type.application";
		};
/* End PBXNativeTarget section */

/* Begin PBXProject section */
		4CD4021D24AC11BD00D305CC /* Project object */ = {
			isa = PBXProject;
			attributes = {
				LastSwiftUpdateCheck = 1140;
				LastUpgradeCheck = 1140;
				ORGANIZATIONNAME = "Fernando De La Rosa";
				TargetAttributes = {
					4CD4022424AC11BD00D305CC = {
						CreatedOnToolsVersion = 11.4.1;
					};
				};
			};
			buildConfigurationList = 4CD4022024AC11BD00D305CC /* Build configuration list for PBXProject "Flags" */;
			compatibilityVersion = "Xcode 9.3";
			developmentRegion = en;
			hasScannedForEncodings = 0;
			knownRegions = (
				en,
				Base,
			);
			mainGroup = 4CD4021C24AC11BD00D305CC;
			productRefGroup = 4CD4022624AC11BD00D305CC /* Products */;
			projectDirPath = "";
			projectRoot = "";
			targets = (
				4CD4022424AC11BD00D305CC /* Flags */,
			);
		};
/* End PBXProject section */

/* Begin PBXResourcesBuildPhase section */
		4CD4022324AC11BD00D305CC /* Resources */ = {
			isa = PBXResourcesBuildPhase;
			buildActionMask = 2147483647;
			files = (
				4CD4023524AC11C200D305CC /* LaunchScreen.storyboard in Resources */,
				4CD4023224AC11C200D305CC /* Assets.xcassets in Resources */,
				4CD4023024AC11BE00D305CC /* Main.storyboard in Resources */,
			);
			runOnlyForDeploymentPostprocessing = 0;
		};
/* End PBXResourcesBuildPhase section */

/* Begin PBXSourcesBuildPhase section */
		4CD4022124AC11BD00D305CC /* Sources */ = {
			isa = PBXSourcesBuildPhase;
			buildActionMask = 2147483647;
			files = (
				4CD4022D24AC11BE00D305CC /* ViewController.swift in Sources */,
				4CD4022924AC11BE00D305CC /* AppDelegate.swift in Sources */,
				4CD4022B24AC11BE00D305CC /* SceneDelegate.swift in Sources */,
				4CEB811E24AC172D005EDF20 /* DetailView.swift in Sources */,
				4CEB811C24AC1688005EDF20 /* FlagCell.swift in Sources */,
			);
			runOnlyForDeploymentPostprocessing = 0;
		};
/* End PBXSourcesBuildPhase section */

/* Begin PBXVariantGroup section */
		4CD4022E24AC11BE00D305CC /* Main.storyboard */ = {
			isa = PBXVariantGroup;
			children = (
				4CD4022F24AC11BE00D305CC /* Base */,
			);
			name = Main.storyboard;
			sourceTree = "<group>";
		};
		4CD4023324AC11C200D305CC /* LaunchScreen.storyboard */ = {
			isa = PBXVariantGroup;
			children = (
				4CD4023424AC11C200D305CC /* Base */,
			);
			name = LaunchScreen.storyboard;
			sourceTree = "<group>";
		};
/* End PBXVariantGroup section */

/* Begin XCBuildConfiguration section */
		4CD4023724AC11C200D305CC /* Debug */ = {
			isa = XCBuildConfiguration;
			buildSettings = {
				ALWAYS_SEARCH_USER_PATHS = NO;
				CLANG_ANALYZER_NONNULL = YES;
				CLANG_ANALYZER_NUMBER_OBJECT_CONVERSION = YES_AGGRESSIVE;
				CLANG_CXX_LANGUAGE_STANDARD = "gnu++14";
				CLANG_CXX_LIBRARY = "libc++";
				CLANG_ENABLE_MODULES = YES;
				CLANG_ENABLE_OBJC_ARC = YES;
				CLANG_ENABLE_OBJC_WEAK = YES;
				CLANG_WARN_BLOCK_CAPTURE_AUTORELEASING = YES;
				CLANG_WARN_BOOL_CONVERSION = YES;
				CLANG_WARN_COMMA = YES;
				CLANG_WARN_CONSTANT_CONVERSION = YES;
				CLANG_WARN_DEPRECATED_OBJC_IMPLEMENTATIONS = YES;
				CLANG_WARN_DIRECT_OBJC_ISA_USAGE = YES_ERROR;
				CLANG_WARN_DOCUMENTATION_COMMENTS = YES;
				CLANG_WARN_EMPTY_BODY = YES;
				CLANG_WARN_ENUM_CONVERSION = YES;
				CLANG_WARN_INFINITE_RECURSION = YES;
				CLANG_WARN_INT_CONVERSION = YES;
				CLANG_WARN_NON_LITERAL_NULL_CONVERSION = YES;
				CLANG_WARN_OBJC_IMPLICIT_RETAIN_SELF = YES;
				CLANG_WARN_OBJC_LITERAL_CONVERSION = YES;
				CLANG_WARN_OBJC_ROOT_CLASS = YES_ERROR;
				CLANG_WARN_RANGE_LOOP_ANALYSIS = YES;
				CLANG_WARN_STRICT_PROTOTYPES = YES;
				CLANG_WARN_SUSPICIOUS_MOVE = YES;
				CLANG_WARN_UNGUARDED_AVAILABILITY = YES_AGGRESSIVE;
				CLANG_WARN_UNREACHABLE_CODE = YES;
				CLANG_WARN__DUPLICATE_METHOD_MATCH = YES;
				COPY_PHASE_STRIP = NO;
				DEBUG_INFORMATION_FORMAT = dwarf;
				ENABLE_STRICT_OBJC_MSGSEND = YES;
				ENABLE_TESTABILITY = YES;
				GCC_C_LANGUAGE_STANDARD = gnu11;
				GCC_DYNAMIC_NO_PIC = NO;
				GCC_NO_COMMON_BLOCKS = YES;
				GCC_OPTIMIZATION_LEVEL = 0;
				GCC_PREPROCESSOR_DEFINITIONS = (
					"DEBUG=1",
					"$(inherited)",
				);
				GCC_WARN_64_TO_32_BIT_CONVERSION = YES;
				GCC_WARN_ABOUT_RETURN_TYPE = YES_ERROR;
				GCC_WARN_UNDECLARED_SELECTOR = YES;
				GCC_WARN_UNINITIALIZED_AUTOS = YES_AGGRESSIVE;
				GCC_WARN_UNUSED_FUNCTION = YES;
				GCC_WARN_UNUSED_VARIABLE = YES;
				IPHONEOS_DEPLOYMENT_TARGET = 13.4;
				MTL_ENABLE_DEBUG_INFO = INCLUDE_SOURCE;
				MTL_FAST_MATH = YES;
				ONLY_ACTIVE_ARCH = YES;
				SDKROOT = iphoneos;
				SWIFT_ACTIVE_COMPILATION_CONDITIONS = DEBUG;
				SWIFT_OPTIMIZATION_LEVEL = "-Onone";
			};
			name = Debug;
		};
		4CD4023824AC11C200D305CC /* Release */ = {
			isa = XCBuildConfiguration;
			buildSettings = {
				ALWAYS_SEARCH_USER_PATHS = NO;
				CLANG_ANALYZER_NONNULL = YES;
				CLANG_ANALYZER_NUMBER_OBJECT_CONVERSION = YES_AGGRESSIVE;
				CLANG_CXX_LANGUAGE_STANDARD = "gnu++14";
				CLANG_CXX_LIBRARY = "libc++";
				CLANG_ENABLE_MODULES = YES;
				CLANG_ENABLE_OBJC_ARC = YES;
				CLANG_ENABLE_OBJC_WEAK = YES;
				CLANG_WARN_BLOCK_CAPTURE_AUTORELEASING = YES;
				CLANG_WARN_BOOL_CONVERSION = YES;
				CLANG_WARN_COMMA = YES;
				CLANG_WARN_CONSTANT_CONVERSION = YES;
				CLANG_WARN_DEPRECATED_OBJC_IMPLEMENTATIONS = YES;
				CLANG_WARN_DIRECT_OBJC_ISA_USAGE = YES_ERROR;
				CLANG_WARN_DOCUMENTATION_COMMENTS = YES;
				CLANG_WARN_EMPTY_BODY = YES;
				CLANG_WARN_ENUM_CONVERSION = YES;
				CLANG_WARN_INFINITE_RECURSION = YES;
				CLANG_WARN_INT_CONVERSION = YES;
				CLANG_WARN_NON_LITERAL_NULL_CONVERSION = YES;
				CLANG_WARN_OBJC_IMPLICIT_RETAIN_SELF = YES;
				CLANG_WARN_OBJC_LITERAL_CONVERSION = YES;
				CLANG_WARN_OBJC_ROOT_CLASS = YES_ERROR;
				CLANG_WARN_RANGE_LOOP_ANALYSIS = YES;
				CLANG_WARN_STRICT_PROTOTYPES = YES;
				CLANG_WARN_SUSPICIOUS_MOVE = YES;
				CLANG_WARN_UNGUARDED_AVAILABILITY = YES_AGGRESSIVE;
				CLANG_WARN_UNREACHABLE_CODE = YES;
				CLANG_WARN__DUPLICATE_METHOD_MATCH = YES;
				COPY_PHASE_STRIP = NO;
				DEBUG_INFORMATION_FORMAT = "dwarf-with-dsym";
				ENABLE_NS_ASSERTIONS = NO;
				ENABLE_STRICT_OBJC_MSGSEND = YES;
				GCC_C_LANGUAGE_STANDARD = gnu11;
				GCC_NO_COMMON_BLOCKS = YES;
				GCC_WARN_64_TO_32_BIT_CONVERSION = YES;
				GCC_WARN_ABOUT_RETURN_TYPE = YES_ERROR;
				GCC_WARN_UNDECLARED_SELECTOR = YES;
				GCC_WARN_UNINITIALIZED_AUTOS = YES_AGGRESSIVE;
				GCC_WARN_UNUSED_FUNCTION = YES;
				GCC_WARN_UNUSED_VARIABLE = YES;
				IPHONEOS_DEPLOYMENT_TARGET = 13.4;
				MTL_ENABLE_DEBUG_INFO = NO;
				MTL_FAST_MATH = YES;
				SDKROOT = iphoneos;
				SWIFT_COMPILATION_MODE = wholemodule;
				SWIFT_OPTIMIZATION_LEVEL = "-O";
				VALIDATE_PRODUCT = YES;
			};
			name = Release;
		};
		4CD4023A24AC11C200D305CC /* Debug */ = {
			isa = XCBuildConfiguration;
			buildSettings = {
				ASSETCATALOG_COMPILER_APPICON_NAME = AppIcon;
				CODE_SIGN_STYLE = Automatic;
				DEVELOPMENT_TEAM = L34FBBW2U7;
				INFOPLIST_FILE = Flags/Info.plist;
				LD_RUNPATH_SEARCH_PATHS = (
					"$(inherited)",
					"@executable_path/Frameworks",
				);
				PRODUCT_BUNDLE_IDENTIFIER = com.nsn.Flags;
				PRODUCT_NAME = "$(TARGET_NAME)";
				SWIFT_VERSION = 5.0;
				TARGETED_DEVICE_FAMILY = "1,2";
			};
			name = Debug;
		};
		4CD4023B24AC11C200D305CC /* Release */ = {
			isa = XCBuildConfiguration;
			buildSettings = {
				ASSETCATALOG_COMPILER_APPICON_NAME = AppIcon;
				CODE_SIGN_STYLE = Automatic;
				DEVELOPMENT_TEAM = L34FBBW2U7;
				INFOPLIST_FILE = Flags/Info.plist;
				LD_RUNPATH_SEARCH_PATHS = (
					"$(inherited)",
					"@executable_path/Frameworks",
				);
				PRODUCT_BUNDLE_IDENTIFIER = com.nsn.Flags;
				PRODUCT_NAME = "$(TARGET_NAME)";
				SWIFT_VERSION = 5.0;
				TARGETED_DEVICE_FAMILY = "1,2";
			};
			name = Release;
		};
/* End XCBuildConfiguration section */

/* Begin XCConfigurationList section */
		4CD4022024AC11BD00D305CC /* Build configuration list for PBXProject "Flags" */ = {
			isa = XCConfigurationList;
			buildConfigurations = (
				4CD4023724AC11C200D305CC /* Debug */,
				4CD4023824AC11C200D305CC /* Release */,
			);
			defaultConfigurationIsVisible = 0;
			defaultConfigurationName = Release;
		};
		4CD4023924AC11C200D305CC /* Build configuration list for PBXNativeTarget "Flags" */ = {
			isa = XCConfigurationList;
			buildConfigurations = (
				4CD4023A24AC11C200D305CC /* Debug */,
				4CD4023B24AC11C200D305CC /* Release */,
			);
			defaultConfigurationIsVisible = 0;
			defaultConfigurationName = Release;
		};
/* End XCConfigurationList section */
	};
	rootObject = 4CD4021D24AC11BD00D305CC /* Project object */;
}
